
Microsoft Visual Studio Solution File, Format Version 12.00
# Visual Studio Version 16
VisualStudioVersion = 16.0.31129.286
MinimumVisualStudioVersion = 10.0.40219.1
Project("{8BC9CEB8-8B4A-11D0-8D11-00A0C91BC942}") = "STL初识", "STL初识.vcxproj", "{8482AB99-B16C-492E-9D4B-C9C269C6FBEF}"
EndProject
Project("{8BC9CEB8-8B4A-11D0-8D11-00A0C91BC942}") = "string容器", "..\string容器\string容器.vcxproj", "{15F8A988-FAD6-4228-BF6A-0581AB677296}"
EndProject
Global
	GlobalSection(SolutionConfigurationPlatforms) = preSolution
		Debug|x64 = Debug|x64
		Debug|x86 = Debug|x86
		Release|x64 = Release|x64
		Release|x86 = Release|x86
	EndGlobalSection
	GlobalSection(ProjectConfigurationPlatforms) = postSolution
		{8482AB99-B16C-492E-9D4B-C9C269C6FBEF}.Debug|x64.ActiveCfg = Debug|x64
		{8482AB99-B16C-492E-9D4B-C9C269C6FBEF}.Debug|x64.Build.0 = Debug|x64
		{8482AB99-B16C-492E-9D4B-C9C269C6FBEF}.Debug|x86.ActiveCfg = Debug|Win32
		{8482AB99-B16C-492E-9D4B-C9C269C6FBEF}.Debug|x86.Build.0 = Debug|Win32
		{8482AB99-B16C-492E-9D4B-C9C269C6FBEF}.Release|x64.ActiveCfg = Release|x64
		{8482AB99-B16C-492E-9D4B-C9C269C6FBEF}.Release|x64.Build.0 = Release|x64
		{8482AB99-B16C-492E-9D4B-C9C269C6FBEF}.Release|x86.ActiveCfg = Release|Win32
		{8482AB99-B16C-492E-9D4B-C9C269C6FBEF}.Release|x86.Build.0 = Release|Win32
		{15F8A988-FAD6-4228-BF6A-0581AB677296}.Debug|x64.ActiveCfg = Debug|x64
		{15F8A988-FAD6-4228-BF6A-0581AB677296}.Debug|x64.Build.0 = Debug|x64
		{15F8A988-FAD6-4228-BF6A-0581AB677296}.Debug|x86.ActiveCfg = Debug|Win32
		{15F8A988-FAD6-4228-BF6A-0581AB677296}.Debug|x86.Build.0 = Debug|Win32
		{15F8A988-FAD6-4228-BF6A-0581AB677296}.Release|x64.ActiveCfg = Release|x64
		{15F8A988-FAD6-4228-BF6A-0581AB677296}.Release|x64.Build.0 = Release|x64
		{15F8A988-FAD6-4228-BF6A-0581AB677296}.Release|x86.ActiveCfg = Release|Win32
		{15F8A988-FAD6-4228-BF6A-0581AB677296}.Release|x86.Build.0 = Release|Win32
	EndGlobalSection
	GlobalSection(SolutionProperties) = preSolution
		HideSolutionNode = FALSE
	EndGlobalSection
	GlobalSection(ExtensibilityGlobals) = postSolution
		SolutionGuid = {91D99BFA-8286-48F3-9C16-3862C3BDDE56}
	EndGlobalSection
EndGlobal
